
Microsoft Visual Studio Solution File, Format Version 12.00
# Visual Studio Version 17
VisualStudioVersion = 17.14.37628.2
MinimumVisualStudioVersion = 10.0.40219.1
Project("{FAE04EC0-301F-11D3-BF4B-00C04F79EFBC}") = "JuegoDomino.Consola", "JuegoDomino.Consola.csproj", "{16788190-BEB3-4493-A9A0-7382534269ED}"
EndProject
Project("{FAE04EC0-301F-11D3-BF4B-00C04F79EFBC}") = "JuegoDominio.Dominio", "..\JuegoDominio.Dominio\JuegoDominio.Dominio.csproj", "{CC591920-2CF5-4EAF-9DD5-21B996612366}"
EndProject
Project("{FAE04EC0-301F-11D3-BF4B-00C04F79EFBC}") = "JuegoDomino.Aplicacion", "..\JuegoDomino.Aplicacion\JuegoDomino.Aplicacion.csproj", "{A98DA233-90F7-49AC-8D4A-7D30DF36357A}"
EndProject
Global
	GlobalSection(SolutionConfigurationPlatforms) = preSolution
		Debug|Any CPU = Debug|Any CPU
		Release|Any CPU = Release|Any CPU
	EndGlobalSection
	GlobalSection(ProjectConfigurationPlatforms) = postSolution
		{16788190-BEB3-4493-A9A0-7382534269ED}.Debug|Any CPU.ActiveCfg = Debug|Any CPU
		{16788190-BEB3-4493-A9A0-7382534269ED}.Debug|Any CPU.Build.0 = Debug|Any CPU
		{16788190-BEB3-4493-A9A0-7382534269ED}.Release|Any CPU.ActiveCfg = Release|Any CPU
		{16788190-BEB3-4493-A9A0-7382534269ED}.Release|Any CPU.Build.0 = Release|Any CPU
		{CC591920-2CF5-4EAF-9DD5-21B996612366}.Debug|Any CPU.ActiveCfg = Debug|Any CPU
		{CC591920-2CF5-4EAF-9DD5-21B996612366}.Debug|Any CPU.Build.0 = Debug|Any CPU
		{CC591920-2CF5-4EAF-9DD5-21B996612366}.Release|Any CPU.ActiveCfg = Release|Any CPU
		{CC591920-2CF5-4EAF-9DD5-21B996612366}.Release|Any CPU.Build.0 = Release|Any CPU
		{A98DA233-90F7-49AC-8D4A-7D30DF36357A}.Debug|Any CPU.ActiveCfg = Debug|Any CPU
		{A98DA233-90F7-49AC-8D4A-7D30DF36357A}.Debug|Any CPU.Build.0 = Debug|Any CPU
		{A98DA233-90F7-49AC-8D4A-7D30DF36357A}.Release|Any CPU.ActiveCfg = Release|Any CPU
		{A98DA233-90F7-49AC-8D4A-7D30DF36357A}.Release|Any CPU.Build.0 = Release|Any CPU
	EndGlobalSection
	GlobalSection(SolutionProperties) = preSolution
		HideSolutionNode = FALSE
	EndGlobalSection
	GlobalSection(ExtensibilityGlobals) = postSolution
		SolutionGuid = {AB00B72E-C2AD-40DF-89F4-AA751790F8B1}
	EndGlobalSection
EndGlobal
